<?xml version="1.0" encoding="utf-8"?>
<Project ToolsVersion="4.0" xmlns="http://schemas.microsoft.com/developer/msbuild/2003">
  <ItemGroup>
    <Filter Include="win32">
      <UniqueIdentifier>{84a8ebd7-7cf0-47f6-b75e-d441df67da40}</UniqueIdentifier>
    </Filter>
    <Filter Include="resource">
      <UniqueIdentifier>{715254bc-d70b-4ec5-bf29-467dd3ace079}</UniqueIdentifier>
    </Filter>
    <Filter Include="src">
      <UniqueIdentifier>{561b7774-7d07-45ba-89b1-fda230f42bf9}</UniqueIdentifier>
    </Filter>
    <Filter Include="src\Statistic">
      <UniqueIdentifier>{1cab7f44-dab6-4550-8e86-d2bfc996d0a8}</UniqueIdentifier>
    </Filter>
    <Filter Include="src\Structure">
      <UniqueIdentifier>{7faf74c7-c183-4e4e-926a-920cc035037a}</UniqueIdentifier>
    </Filter>
    <Filter Include="src\Specific">
      <UniqueIdentifier>{80b9434d-54fd-4835-b43c-47d2c740dc00}</UniqueIdentifier>
    </Filter>
    <Filter Include="src\NeuralNetwork">
      <UniqueIdentifier>{966a0296-ddfd-4de0-8368-24a4128229f0}</UniqueIdentifier>
    </Filter>
    <Filter Include="src\Main">
      <UniqueIdentifier>{6c4571a8-2d06-41c5-b1ae-f1c7e3fd56b1}</UniqueIdentifier>
    </Filter>
  </ItemGroup>
  <ItemGroup>
    <ClCompile Include="main.cpp">
      <Filter>win32</Filter>
    </ClCompile>
    <ClCompile Include="..\Classes\Specific\Bloop.cpp">
      <Filter>src\Specific</Filter>
    </ClCompile>
    <ClCompile Include="..\Classes\Specific\Floop.cpp">
      <Filter>src\Specific</Filter>
    </ClCompile>
    <ClCompile Include="..\Classes\Specific\Food.cpp">
      <Filter>src\Specific</Filter>
    </ClCompile>
    <ClCompile Include="..\Classes\Specific\Gloop.cpp">
      <Filter>src\Specific</Filter>
    </ClCompile>
    <ClCompile Include="..\Classes\Statistic\Recorder.cpp">
      <Filter>src\Statistic</Filter>
    </ClCompile>
    <ClCompile Include="..\Classes\Structure\Chunk.cpp">
      <Filter>src\Structure</Filter>
    </ClCompile>
    <ClCompile Include="..\Classes\Structure\Entity.cpp">
      <Filter>src\Structure</Filter>
    </ClCompile>
    <ClCompile Include="..\Classes\Structure\DNA.cpp">
      <Filter>src\Structure</Filter>
    </ClCompile>
    <ClCompile Include="..\Classes\Structure\Parameter.cpp">
      <Filter>src\Structure</Filter>
    </ClCompile>
    <ClCompile Include="..\Classes\Structure\PerlinNoise.cpp">
      <Filter>src\Structure</Filter>
    </ClCompile>
    <ClCompile Include="..\Classes\Specific\Sloop.cpp">
      <Filter>src\Specific</Filter>
    </ClCompile>
    <ClCompile Include="..\Classes\Structure\World.cpp">
      <Filter>src\Structure</Filter>
    </ClCompile>
    <ClCompile Include="..\Classes\NeuralNetwork\NeuralNetwork.cpp">
      <Filter>src\NeuralNetwork</Filter>
    </ClCompile>
    <ClCompile Include="..\Classes\NeuralNetwork\neuron.cpp">
      <Filter>src\NeuralNetwork</Filter>
    </ClCompile>
    <ClCompile Include="..\Classes\Main\AppDelegate.cpp">
      <Filter>src\Main</Filter>
    </ClCompile>
  </ItemGroup>
  <ItemGroup>
    <ClInclude Include="main.h">
      <Filter>win32</Filter>
    </ClInclude>
    <ClInclude Include="resource.h" />
    <ClInclude Include="..\Classes\Specific\Bloop.h">
      <Filter>src\Specific</Filter>
    </ClInclude>
    <ClInclude Include="..\Classes\Specific\Floop.h">
      <Filter>src\Specific</Filter>
    </ClInclude>
    <ClInclude Include="..\Classes\Specific\Food.h">
      <Filter>src\Specific</Filter>
    </ClInclude>
    <ClInclude Include="..\Classes\Specific\Gloop.h">
      <Filter>src\Specific</Filter>
    </ClInclude>
    <ClInclude Include="..\Classes\Statistic\Recorder.h">
      <Filter>src\Statistic</Filter>
    </ClInclude>
    <ClInclude Include="..\Classes\Structure\Chunk.h">
      <Filter>src\Structure</Filter>
    </ClInclude>
    <ClInclude Include="..\Classes\Structure\Entity.h">
      <Filter>src\Structure</Filter>
    </ClInclude>
    <ClInclude Include="..\Classes\Structure\DNA.h">
      <Filter>src\Structure</Filter>
    </ClInclude>
    <ClInclude Include="..\Classes\Structure\Parameter.h">
      <Filter>src\Structure</Filter>
    </ClInclude>
    <ClInclude Include="..\Classes\Structure\PerlinNoise.h">
      <Filter>src\Structure</Filter>
    </ClInclude>
    <ClInclude Include="..\Classes\Specific\Sloop.h">
      <Filter>src\Specific</Filter>
    </ClInclude>
    <ClInclude Include="..\Classes\Structure\World.h">
      <Filter>src\Structure</Filter>
    </ClInclude>
    <ClInclude Include="..\Classes\Structure\Function.hpp">
      <Filter>src\Structure</Filter>
    </ClInclude>
    <ClInclude Include="..\Classes\NeuralNetwork\NeuralNetwork.h">
      <Filter>src\NeuralNetwork</Filter>
    </ClInclude>
    <ClInclude Include="..\Classes\NeuralNetwork\neuron.h">
      <Filter>src\NeuralNetwork</Filter>
    </ClInclude>
    <ClInclude Include="..\Classes\NeuralNetwork\Node.h">
      <Filter>src\NeuralNetwork</Filter>
    </ClInclude>
    <ClInclude Include="..\Classes\Main\AppDelegate.h">
      <Filter>src\Main</Filter>
    </ClInclude>
  </ItemGroup>
  <ItemGroup>
    <ResourceCompile Include="game.rc">
      <Filter>resource</Filter>
    </ResourceCompile>
  </ItemGroup>
  <ItemGroup>
    <Image Include="res\game.ico" />
  </ItemGroup>
  <ItemGroup>
    <None Include="ClassDiagram.cd" />
    <None Include="ClassDiagram1.cd" />
  </ItemGroup>
</Project>