<?xml version="1.0" encoding="utf-8"?>
<Project ToolsVersion="4.0" xmlns="http://schemas.microsoft.com/developer/msbuild/2003">
  <ItemGroup>
    <Filter Include="win32">
      <UniqueIdentifier>{84a8ebd7-7cf0-47f6-b75e-d441df67da40}</UniqueIdentifier>
    </Filter>
    <Filter Include="resource">
      <UniqueIdentifier>{715254bc-d70b-4ec5-bf29-467dd3ace079}</UniqueIdentifier>
    </Filter>
    <Filter Include="src">
      <UniqueIdentifier>{bb6c862e-70e9-49d9-81b7-3829a6f50471}</UniqueIdentifier>
    </Filter>
    <Filter Include="src\Bloop">
      <UniqueIdentifier>{387c1fca-db2b-4378-acc3-72e5701212cc}</UniqueIdentifier>
    </Filter>
    <Filter Include="src\DNA">
      <UniqueIdentifier>{d168ecc9-9155-4d6e-86cd-dce1d50be00d}</UniqueIdentifier>
    </Filter>
    <Filter Include="src\NeuralNetwork">
      <UniqueIdentifier>{04695bbd-2aad-4215-bab4-ec3b817625aa}</UniqueIdentifier>
    </Filter>
    <Filter Include="src\Main">
      <UniqueIdentifier>{70afc206-5dbe-454d-a07d-1cd4caad4f44}</UniqueIdentifier>
    </Filter>
  </ItemGroup>
  <ItemGroup>
    <ClCompile Include="main.cpp">
      <Filter>win32</Filter>
    </ClCompile>
    <ClCompile Include="..\Classes\Bloop.cpp">
      <Filter>src\Bloop</Filter>
    </ClCompile>
    <ClCompile Include="..\Classes\Floop.cpp">
      <Filter>src\Bloop</Filter>
    </ClCompile>
    <ClCompile Include="..\Classes\Gloop.cpp">
      <Filter>src\Bloop</Filter>
    </ClCompile>
    <ClCompile Include="..\Classes\DNA.cpp">
      <Filter>src\DNA</Filter>
    </ClCompile>
    <ClCompile Include="..\Classes\Sloop.cpp">
      <Filter>src\Bloop</Filter>
    </ClCompile>
    <ClCompile Include="..\Classes\AppDelegate.cpp">
      <Filter>src\Main</Filter>
    </ClCompile>
    <ClCompile Include="..\Classes\publicVars.cpp">
      <Filter>src\Main</Filter>
    </ClCompile>
    <ClCompile Include="..\Classes\PerlinNoise.cpp">
      <Filter>src\Main</Filter>
    </ClCompile>
    <ClCompile Include="..\Classes\HelloWorldScene.cpp">
      <Filter>src\Main</Filter>
    </ClCompile>
    <ClCompile Include="..\Classes\Food.cpp">
      <Filter>src\Main</Filter>
    </ClCompile>
    <ClCompile Include="..\Classes\Entity.cpp">
      <Filter>src\Main</Filter>
    </ClCompile>
    <ClCompile Include="..\Classes\Chunk.cpp">
      <Filter>src\Main</Filter>
    </ClCompile>
    <ClCompile Include="..\Classes\NeuralNetwork.cpp">
      <Filter>src\NeuralNetwork</Filter>
    </ClCompile>
    <ClCompile Include="..\Classes\neuron.cpp">
      <Filter>src\NeuralNetwork</Filter>
    </ClCompile>
    <ClCompile Include="..\Classes\Recorder.cpp">
      <Filter>src\Main</Filter>
    </ClCompile>
  </ItemGroup>
  <ItemGroup>
    <ClInclude Include="main.h">
      <Filter>win32</Filter>
    </ClInclude>
    <ClInclude Include="..\Classes\Bloop.h">
      <Filter>src\Bloop</Filter>
    </ClInclude>
    <ClInclude Include="..\Classes\Floop.h">
      <Filter>src\Bloop</Filter>
    </ClInclude>
    <ClInclude Include="..\Classes\Gloop.h">
      <Filter>src\Bloop</Filter>
    </ClInclude>
    <ClInclude Include="..\Classes\DNA.h">
      <Filter>src\DNA</Filter>
    </ClInclude>
    <ClInclude Include="..\Classes\Sloop.h">
      <Filter>src\Bloop</Filter>
    </ClInclude>
    <ClInclude Include="resource.h" />
    <ClInclude Include="..\Classes\publicVars.h">
      <Filter>src\Main</Filter>
    </ClInclude>
    <ClInclude Include="..\Classes\AppDelegate.h">
      <Filter>src\Main</Filter>
    </ClInclude>
    <ClInclude Include="..\Classes\PerlinNoise.h">
      <Filter>src\Main</Filter>
    </ClInclude>
    <ClInclude Include="..\Classes\HelloWorldScene.h">
      <Filter>src\Main</Filter>
    </ClInclude>
    <ClInclude Include="..\Classes\Food.h">
      <Filter>src\Main</Filter>
    </ClInclude>
    <ClInclude Include="..\Classes\Entity.h">
      <Filter>src\Main</Filter>
    </ClInclude>
    <ClInclude Include="..\Classes\Chunk.h">
      <Filter>src\Main</Filter>
    </ClInclude>
    <ClInclude Include="..\Classes\NeuralNetwork.h">
      <Filter>src\NeuralNetwork</Filter>
    </ClInclude>
    <ClInclude Include="..\Classes\neuron.h">
      <Filter>src\NeuralNetwork</Filter>
    </ClInclude>
    <ClInclude Include="..\Classes\Node.h">
      <Filter>src\NeuralNetwork</Filter>
    </ClInclude>
    <ClInclude Include="..\Classes\Functions.hpp">
      <Filter>src\NeuralNetwork</Filter>
    </ClInclude>
    <ClInclude Include="..\Classes\Recorder.h">
      <Filter>src\Main</Filter>
    </ClInclude>
  </ItemGroup>
  <ItemGroup>
    <ResourceCompile Include="game.rc">
      <Filter>resource</Filter>
    </ResourceCompile>
  </ItemGroup>
  <ItemGroup>
    <Image Include="res\game.ico" />
  </ItemGroup>
  <ItemGroup>
    <None Include="ClassDiagram.cd" />
    <None Include="ClassDiagram1.cd" />
  </ItemGroup>
</Project>